
Microsoft Visual Studio Solution File, Format Version 12.00
# Visual Studio Version 16
VisualStudioVersion = 16.0.30320.27
MinimumVisualStudioVersion = 10.0.40219.1
Project("{9A19103F-16F7-4668-BE54-9A1E7A4F7556}") = "OperationMonitoring", "OperationMonitoring\OperationMonitoring.csproj", "{F7C54135-6D62-4C9D-AABC-27301F74E371}"
EndProject
Global
	GlobalSection(SolutionConfigurationPlatforms) = preSolution
		Debug|Any CPU = Debug|Any CPU
		Release|Any CPU = Release|Any CPU
	EndGlobalSection
	GlobalSection(ProjectConfigurationPlatforms) = postSolution
		{F7C54135-6D62-4C9D-AABC-27301F74E371}.Debug|Any CPU.ActiveCfg = Debug|Any CPU
		{F7C54135-6D62-4C9D-AABC-27301F74E371}.Debug|Any CPU.Build.0 = Debug|Any CPU
		{F7C54135-6D62-4C9D-AABC-27301F74E371}.Release|Any CPU.ActiveCfg = Release|Any CPU
		{F7C54135-6D62-4C9D-AABC-27301F74E371}.Release|Any CPU.Build.0 = Release|Any CPU
	EndGlobalSection
	GlobalSection(SolutionProperties) = preSolution
		HideSolutionNode = FALSE
	EndGlobalSection
	GlobalSection(ExtensibilityGlobals) = postSolution
		SolutionGuid = {E8BD56C8-D015-45DA-BB28-F2B9B111A427}
	EndGlobalSection
EndGlobal
